#
# This file is autogenerated by pip-compile with Python 3.14
# by the following command:
#
#    pip-compile --output-file=ink-writer/scripts/requirements-dev.lock --strip-extras ink-writer/scripts/requirements-dev.txt
#
aiohappyeyeballs==2.6.1
    # via aiohttp
aiohttp==3.13.5
    # via -r ink-writer/scripts/requirements.txt
aiosignal==1.4.0
    # via aiohttp
annotated-types==0.7.0
    # via pydantic
attrs==26.1.0
    # via aiohttp
coverage==7.13.5
    # via pytest-cov
filelock==3.25.2
    # via -r ink-writer/scripts/requirements.txt
frozenlist==1.8.0
    # via
    #   aiohttp
    #   aiosignal
idna==3.11
    # via yarl
iniconfig==2.3.0
    # via pytest
multidict==6.7.1
    # via
    #   aiohttp
    #   yarl
packaging==26.0
    # via pytest
pluggy==1.6.0
    # via
    #   pytest
    #   pytest-cov
propcache==0.4.1
    # via
    #   aiohttp
    #   yarl
pydantic==2.12.5
    # via -r ink-writer/scripts/requirements.txt
pydantic-core==2.41.5
    # via pydantic
pygments==2.20.0
    # via pytest
pytest==9.0.2
    # via
    #   -r ink-writer/scripts/requirements-dev.txt
    #   pytest-asyncio
    #   pytest-cov
    #   pytest-timeout
pytest-asyncio==1.3.0
    # via -r ink-writer/scripts/requirements-dev.txt
pytest-cov==7.1.0
    # via -r ink-writer/scripts/requirements-dev.txt
pytest-timeout==2.4.0
    # via -r ink-writer/scripts/requirements-dev.txt
typing-extensions==4.15.0
    # via
    #   pydantic
    #   pydantic-core
    #   typing-inspection
typing-inspection==0.4.2
    # via pydantic
yarl==1.23.0
    # via aiohttp
